// !$*UTF8*$!
{
	archiveVersion = 1;
	classes = {
	};
	objectVersion = 46;
	objects = {

/* Begin PBXFileReference section */
		A7A5ECB618B070B300EA4CA0 /* configuration */ = {isa = PBXFileReference; lastKnownFileType = text; name = configuration; path = ../configuration; sourceTree = "<group>"; };
		A7A5ECB718B160BA00EA4CA0 /* wikiclient */ = {isa = PBXFileReference; lastKnownFileType = text.script.perl; name = wikiclient; path = ../wikiclient; sourceTree = "<group>"; };
		A7A5ECB818B160BA00EA4CA0 /* wikiserver */ = {isa = PBXFileReference; lastKnownFileType = text.script.perl; name = wikiserver; path = ../wikiserver; sourceTree = "<group>"; };
		A7A5ECBB18B1621000EA4CA0 /* README.md */ = {isa = PBXFileReference; lastKnownFileType = text; name = README.md; path = ../README.md; sourceTree = "<group>"; };
		A7A67A1D18AC3B9C00427886 /* Wikiclient.php */ = {isa = PBXFileReference; lastKnownFileType = text.script.php; path = Wikiclient.php; sourceTree = "<group>"; };
		A7A67A2218AC3B9C00427886 /* Code.pm */ = {isa = PBXFileReference; lastKnownFileType = text.script.perl; path = Code.pm; sourceTree = "<group>"; };
		A7A67A2318AC3B9C00427886 /* Hash.pm */ = {isa = PBXFileReference; lastKnownFileType = text.script.perl; path = Hash.pm; sourceTree = "<group>"; };
		A7A67A2418AC3B9C00427886 /* History.pm */ = {isa = PBXFileReference; lastKnownFileType = text.script.perl; path = History.pm; sourceTree = "<group>"; };
		A7A67A2518AC3B9C00427886 /* Html.pm */ = {isa = PBXFileReference; lastKnownFileType = text.script.perl; path = Html.pm; sourceTree = "<group>"; };
		A7A67A2618AC3B9C00427886 /* Image.pm */ = {isa = PBXFileReference; lastKnownFileType = text.script.perl; path = Image.pm; sourceTree = "<group>"; };
		A7A67A2818AC3B9C00427886 /* Infobox.pm */ = {isa = PBXFileReference; lastKnownFileType = text.script.perl; path = Infobox.pm; sourceTree = "<group>"; };
		A7A67A2918AC3B9C00427886 /* Main.pm */ = {isa = PBXFileReference; lastKnownFileType = text.script.perl; path = Main.pm; sourceTree = "<group>"; };
		A7A67A2D18AC3B9C00427886 /* Paragraph.pm */ = {isa = PBXFileReference; lastKnownFileType = text.script.perl; path = Paragraph.pm; sourceTree = "<group>"; };
		A7A67A3018AC3B9C00427886 /* Section.pm */ = {isa = PBXFileReference; lastKnownFileType = text.script.perl; path = Section.pm; sourceTree = "<group>"; };
		A7A67A3318AC3B9C00427886 /* Element.pm */ = {isa = PBXFileReference; lastKnownFileType = text.script.perl; name = Element.pm; path = Wikifier/Element.pm; sourceTree = "<group>"; };
		A7A67A3418AC3B9C00427886 /* Formatter.pm */ = {isa = PBXFileReference; lastKnownFileType = text.script.perl; name = Formatter.pm; path = Wikifier/Formatter.pm; sourceTree = "<group>"; };
		A7A67A3618AC3B9C00427886 /* Page.pm */ = {isa = PBXFileReference; lastKnownFileType = text.script.perl; name = Page.pm; path = Wikifier/Page.pm; sourceTree = "<group>"; };
		A7A67A3718AC3B9C00427886 /* Parser.pm */ = {isa = PBXFileReference; lastKnownFileType = text.script.perl; name = Parser.pm; path = Wikifier/Parser.pm; sourceTree = "<group>"; };
		A7A67A3918AC3B9C00427886 /* Connection.pm */ = {isa = PBXFileReference; lastKnownFileType = text.script.perl; path = Connection.pm; sourceTree = "<group>"; };
		A7A67A3A18AC3B9C00427886 /* Handlers.pm */ = {isa = PBXFileReference; lastKnownFileType = text.script.perl; path = Handlers.pm; sourceTree = "<group>"; };
		A7A67A3C18AC3B9C00427886 /* Utilities.pm */ = {isa = PBXFileReference; lastKnownFileType = text.script.perl; name = Utilities.pm; path = Wikifier/Utilities.pm; sourceTree = "<group>"; };
		A7A67A3D18AC3B9C00427886 /* Wiki.pm */ = {isa = PBXFileReference; lastKnownFileType = text.script.perl; name = Wiki.pm; path = Wikifier/Wiki.pm; sourceTree = "<group>"; };
		A7A67A3E18AC3B9C00427886 /* Wikifier.pm */ = {isa = PBXFileReference; lastKnownFileType = text.script.perl; path = Wikifier.pm; sourceTree = "<group>"; };
		A7A67A3F18AC3B9C00427886 /* wiki.example.conf */ = {isa = PBXFileReference; lastKnownFileType = text; name = wiki.example.conf; path = ../wiki.example.conf; sourceTree = "<group>"; };
		A7A67A4018AC3B9C00427886 /* wikiserver.example.conf */ = {isa = PBXFileReference; lastKnownFileType = text; name = wikiserver.example.conf; path = ../wikiserver.example.conf; sourceTree = "<group>"; };
		BC0BB17219C621A400CDC378 /* Invisible.pm */ = {isa = PBXFileReference; lastKnownFileType = text.script.perl; path = Invisible.pm; sourceTree = "<group>"; };
		BCBD245319C3B9F6000D6FD1 /* Block.pm */ = {isa = PBXFileReference; lastKnownFileType = text.script.perl; name = Block.pm; path = Wikifier/Block.pm; sourceTree = "<group>"; };
		BCBD245419C3B9F6000D6FD1 /* BlockManager.pm */ = {isa = PBXFileReference; lastKnownFileType = text.script.perl; name = BlockManager.pm; path = Wikifier/BlockManager.pm; sourceTree = "<group>"; };
		BCBD245619C3BB78000D6FD1 /* Wikirequest.php */ = {isa = PBXFileReference; lastKnownFileType = text.script.php; path = Wikirequest.php; sourceTree = "<group>"; };
		BCD0E62D19C3C6DA00465BCC /* Server.pm */ = {isa = PBXFileReference; lastKnownFileType = text.script.perl; name = Server.pm; path = ../Server.pm; sourceTree = "<group>"; };
/* End PBXFileReference section */

/* Begin PBXGroup section */
		A7A5ECB918B160C200EA4CA0 /* Executables */ = {
			isa = PBXGroup;
			children = (
				A7A5ECB718B160BA00EA4CA0 /* wikiclient */,
				A7A5ECB818B160BA00EA4CA0 /* wikiserver */,
			);
			name = Executables;
			sourceTree = "<group>";
		};
		A7A5ECBA18B161A400EA4CA0 /* Documentation */ = {
			isa = PBXGroup;
			children = (
				A7A5ECBB18B1621000EA4CA0 /* README.md */,
				A7A5ECB618B070B300EA4CA0 /* configuration */,
			);
			name = Documentation;
			path = ../lib;
			sourceTree = "<group>";
		};
		A7A67A1418AC3B7E00427886 = {
			isa = PBXGroup;
			children = (
				A7A67A1E18AC3B9C00427886 /* Wikifier */,
				A7A5ECB918B160C200EA4CA0 /* Executables */,
				A7A67A1B18AC3B9B00427886 /* Interfaces */,
				A7A67A4118AC3BB300427886 /* Configuration */,
				A7A5ECBA18B161A400EA4CA0 /* Documentation */,
			);
			sourceTree = "<group>";
		};
		A7A67A1B18AC3B9B00427886 /* Interfaces */ = {
			isa = PBXGroup;
			children = (
				A7A67A1C18AC3B9C00427886 /* PHP */,
			);
			name = Interfaces;
			path = ../interfaces;
			sourceTree = "<group>";
		};
		A7A67A1C18AC3B9C00427886 /* PHP */ = {
			isa = PBXGroup;
			children = (
				A7A67A1D18AC3B9C00427886 /* Wikiclient.php */,
				BCBD245619C3BB78000D6FD1 /* Wikirequest.php */,
			);
			path = PHP;
			sourceTree = "<group>";
		};
		A7A67A1E18AC3B9C00427886 /* Wikifier */ = {
			isa = PBXGroup;
			children = (
				A7A67A3E18AC3B9C00427886 /* Wikifier.pm */,
				A7A67A3618AC3B9C00427886 /* Page.pm */,
				A7A67A3D18AC3B9C00427886 /* Wiki.pm */,
				A7A67A3718AC3B9C00427886 /* Parser.pm */,
				A7A67A3418AC3B9C00427886 /* Formatter.pm */,
				A7A67A3C18AC3B9C00427886 /* Utilities.pm */,
				A7A67A3318AC3B9C00427886 /* Element.pm */,
				BCBD245319C3B9F6000D6FD1 /* Block.pm */,
				BCBD245419C3B9F6000D6FD1 /* BlockManager.pm */,
				A7A67A2018AC3B9C00427886 /* Blocks */,
				A7A67A3818AC3B9C00427886 /* Server */,
			);
			name = Wikifier;
			path = ../lib;
			sourceTree = "<group>";
		};
		A7A67A2018AC3B9C00427886 /* Blocks */ = {
			isa = PBXGroup;
			children = (
				A7A67A2218AC3B9C00427886 /* Code.pm */,
				A7A67A2318AC3B9C00427886 /* Hash.pm */,
				A7A67A2418AC3B9C00427886 /* History.pm */,
				A7A67A2518AC3B9C00427886 /* Html.pm */,
				A7A67A2618AC3B9C00427886 /* Image.pm */,
				A7A67A2818AC3B9C00427886 /* Infobox.pm */,
				A7A67A2918AC3B9C00427886 /* Main.pm */,
				A7A67A2D18AC3B9C00427886 /* Paragraph.pm */,
				A7A67A3018AC3B9C00427886 /* Section.pm */,
				BC0BB17219C621A400CDC378 /* Invisible.pm */,
			);
			name = Blocks;
			path = Wikifier/Block;
			sourceTree = "<group>";
		};
		A7A67A3818AC3B9C00427886 /* Server */ = {
			isa = PBXGroup;
			children = (
				BCD0E62D19C3C6DA00465BCC /* Server.pm */,
				A7A67A3918AC3B9C00427886 /* Connection.pm */,
				A7A67A3A18AC3B9C00427886 /* Handlers.pm */,
			);
			name = Server;
			path = Wikifier/Server;
			sourceTree = "<group>";
		};
		A7A67A4118AC3BB300427886 /* Configuration */ = {
			isa = PBXGroup;
			children = (
				A7A67A3F18AC3B9C00427886 /* wiki.example.conf */,
				A7A67A4018AC3B9C00427886 /* wikiserver.example.conf */,
			);
			name = Configuration;
			sourceTree = "<group>";
		};
/* End PBXGroup section */

/* Begin PBXProject section */
		A7A67A1518AC3B7E00427886 /* Project object */ = {
			isa = PBXProject;
			attributes = {
				LastUpgradeCheck = 0600;
			};
			buildConfigurationList = A7A67A1818AC3B7E00427886 /* Build configuration list for PBXProject "Wikifier" */;
			compatibilityVersion = "Xcode 3.2";
			developmentRegion = English;
			hasScannedForEncodings = 0;
			knownRegions = (
				en,
			);
			mainGroup = A7A67A1418AC3B7E00427886;
			projectDirPath = "";
			projectRoot = "";
			targets = (
			);
		};
/* End PBXProject section */

/* Begin XCBuildConfiguration section */
		A7A67A1918AC3B7E00427886 /* Debug */ = {
			isa = XCBuildConfiguration;
			buildSettings = {
				ONLY_ACTIVE_ARCH = YES;
			};
			name = Debug;
		};
		A7A67A1A18AC3B7E00427886 /* Release */ = {
			isa = XCBuildConfiguration;
			buildSettings = {
			};
			name = Release;
		};
/* End XCBuildConfiguration section */

/* Begin XCConfigurationList section */
		A7A67A1818AC3B7E00427886 /* Build configuration list for PBXProject "Wikifier" */ = {
			isa = XCConfigurationList;
			buildConfigurations = (
				A7A67A1918AC3B7E00427886 /* Debug */,
				A7A67A1A18AC3B7E00427886 /* Release */,
			);
			defaultConfigurationIsVisible = 0;
			defaultConfigurationName = Release;
		};
/* End XCConfigurationList section */
	};
	rootObject = A7A67A1518AC3B7E00427886 /* Project object */;
}
